{
  "name": "test",
  "version": "1.0.0",
  "lockfileVersion": 1,
  "requires": true,
  "dependencies": {
    "ansi-styles": {
      "version": "4.3.0",
      "resolved": "https://registry.npm.taobao.org/ansi-styles/download/ansi-styles-4.3.0.tgz?cache=0&sync_timestamp=1601839122515&other_urls=https%3A%2F%2Fregistry.npm.taobao.org%2Fansi-styles%2Fdownload%2Fansi-styles-4.3.0.tgz",
      "integrity": "sha1-7dgDYornHATIWuegkG7a00tkiTc=",
      "requires": {
        "color-convert": "^2.0.1"
      }
    },
    "chalk": {
      "version": "4.1.0",
      "resolved": "https://registry.npm.taobao.org/chalk/download/chalk-4.1.0.tgz",
      "integrity": "sha1-ThSHCmGNni7dl92DRf2dncMVZGo=",
      "requires": {
        "ansi-styles": "^4.1.0",
        "supports-color": "^7.1.0"
      }
    },
    "color-convert": {
      "version": "2.0.1",
      "resolved": "https://registry.npm.taobao.org/color-convert/download/color-convert-2.0.1.tgz",
      "integrity": "sha1-ctOmjVmMm9s68q0ehPIdiWq9TeM=",
      "requires": {
        "color-name": "~1.1.4"
      }
    },
    "color-name": {
      "version": "1.1.4",
      "resolved": "https://registry.npm.taobao.org/color-name/download/color-name-1.1.4.tgz",
      "integrity": "sha1-wqCah6y95pVD3m9j+jmVyCbFNqI="
    },
    "has-flag": {
      "version": "4.0.0",
      "resolved": "https://registry.npm.taobao.org/has-flag/download/has-flag-4.0.0.tgz?cache=0&sync_timestamp=1596294337050&other_urls=https%3A%2F%2Fregistry.npm.taobao.org%2Fhas-flag%2Fdownload%2Fhas-flag-4.0.0.tgz",
      "integrity": "sha1-lEdx/ZyByBJlxNaUGGDaBrtZR5s="
    },
    "moment": {
      "version": "2.29.1",
      "resolved": "https://registry.npm.taobao.org/moment/download/moment-2.29.1.tgz?cache=0&sync_timestamp=1601983557585&other_urls=https%3A%2F%2Fregistry.npm.taobao.org%2Fmoment%2Fdownload%2Fmoment-2.29.1.tgz",
      "integrity": "sha1-sr52n6MZQL6e7qZGnAdeNQBvo9M="
    },
    "readline-sync": {
      "version": "1.4.10",
      "resolved": "https://registry.npm.taobao.org/readline-sync/download/readline-sync-1.4.10.tgz",
      "integrity": "sha1-Qd9/u0tjEtZzARWUFFcFv1bYhzs="
    },
    "supports-color": {
      "version": "7.2.0",
      "resolved": "https://registry.npm.taobao.org/supports-color/download/supports-color-7.2.0.tgz?cache=0&sync_timestamp=1598611730985&other_urls=https%3A%2F%2Fregistry.npm.taobao.org%2Fsupports-color%2Fdownload%2Fsupports-color-7.2.0.tgz",
      "integrity": "sha1-G33NyzK4E4gBs+R4umpRyqiWSNo=",
      "requires": {
        "has-flag": "^4.0.0"
      }
    }
  }
}
